// !$*UTF8*$!
{
	archiveVersion = 1;
	classes = {
	};
	objectVersion = 48;
	objects = {

/* Begin PBXBuildFile section */
		55420991205988F6000D719F /* SF-Pro-Text-Bold.otf in Resources */ = {isa = PBXBuildFile; fileRef = 55420990205988BF000D719F /* SF-Pro-Text-Bold.otf */; };
		55420992205988F6000D719F /* SF-Pro-Text-BoldItalic.otf in Resources */ = {isa = PBXBuildFile; fileRef = 55420989205988BD000D719F /* SF-Pro-Text-BoldItalic.otf */; };
		55420993205988F6000D719F /* SF-Pro-Text-Heavy.otf in Resources */ = {isa = PBXBuildFile; fileRef = 55420987205988BD000D719F /* SF-Pro-Text-Heavy.otf */; };
		55420994205988F6000D719F /* SF-Pro-Text-HeavyItalic.otf in Resources */ = {isa = PBXBuildFile; fileRef = 5542098C205988BE000D719F /* SF-Pro-Text-HeavyItalic.otf */; };
		55420995205988F6000D719F /* SF-Pro-Text-Light.otf in Resources */ = {isa = PBXBuildFile; fileRef = 5542098B205988BE000D719F /* SF-Pro-Text-Light.otf */; };
		55420996205988F6000D719F /* SF-Pro-Text-LightItalic.otf in Resources */ = {isa = PBXBuildFile; fileRef = 5542098E205988BE000D719F /* SF-Pro-Text-LightItalic.otf */; };
		55420997205988F6000D719F /* SF-Pro-Text-Medium.otf in Resources */ = {isa = PBXBuildFile; fileRef = 5542098F205988BE000D719F /* SF-Pro-Text-Medium.otf */; };
		55420998205988F6000D719F /* SF-Pro-Text-MediumItalic.otf in Resources */ = {isa = PBXBuildFile; fileRef = 5542098A205988BD000D719F /* SF-Pro-Text-MediumItalic.otf */; };
		55420999205988F6000D719F /* SF-Pro-Text-Regular.otf in Resources */ = {isa = PBXBuildFile; fileRef = 55420985205988BC000D719F /* SF-Pro-Text-Regular.otf */; };
		5542099A205988F6000D719F /* SF-Pro-Text-RegularItalic.otf in Resources */ = {isa = PBXBuildFile; fileRef = 5542098D205988BE000D719F /* SF-Pro-Text-RegularItalic.otf */; };
		5542099B205988F6000D719F /* SF-Pro-Text-Semibold.otf in Resources */ = {isa = PBXBuildFile; fileRef = 55420986205988BC000D719F /* SF-Pro-Text-Semibold.otf */; };
		5542099C205988F6000D719F /* SF-Pro-Text-SemiboldItalic.otf in Resources */ = {isa = PBXBuildFile; fileRef = 55420988205988BD000D719F /* SF-Pro-Text-SemiboldItalic.otf */; };
		55B23AF42058C41A00B59C01 /* AppDelegate.swift in Sources */ = {isa = PBXBuildFile; fileRef = 55B23AF32058C41A00B59C01 /* AppDelegate.swift */; };
		55B23AF62058C41A00B59C01 /* RecipesViewController.swift in Sources */ = {isa = PBXBuildFile; fileRef = 55B23AF52058C41A00B59C01 /* RecipesViewController.swift */; };
		55B23AFB2058C41A00B59C01 /* Assets.xcassets in Resources */ = {isa = PBXBuildFile; fileRef = 55B23AFA2058C41A00B59C01 /* Assets.xcassets */; };
		55B23AFE2058C41A00B59C01 /* LaunchScreen.storyboard in Resources */ = {isa = PBXBuildFile; fileRef = 55B23AFC2058C41A00B59C01 /* LaunchScreen.storyboard */; };
		55B23B0A2058CF5100B59C01 /* RecipeModel.swift in Sources */ = {isa = PBXBuildFile; fileRef = 55B23B092058CF5100B59C01 /* RecipeModel.swift */; };
		55B23B0D2058D01700B59C01 /* UrlConstants.swift in Sources */ = {isa = PBXBuildFile; fileRef = 55B23B0C2058D01700B59C01 /* UrlConstants.swift */; };
		55B23B0F2058D09A00B59C01 /* DownloadService.swift in Sources */ = {isa = PBXBuildFile; fileRef = 55B23B0E2058D09A00B59C01 /* DownloadService.swift */; };
		55B23B252058EAFC00B59C01 /* RecipeCell.swift in Sources */ = {isa = PBXBuildFile; fileRef = 55B23B232058EAFC00B59C01 /* RecipeCell.swift */; };
		55B23B262058EAFC00B59C01 /* RecipeCell.xib in Resources */ = {isa = PBXBuildFile; fileRef = 55B23B242058EAFC00B59C01 /* RecipeCell.xib */; };
/* End PBXBuildFile section */

/* Begin PBXFileReference section */
		55420985205988BC000D719F /* SF-Pro-Text-Regular.otf */ = {isa = PBXFileReference; lastKnownFileType = file; path = "SF-Pro-Text-Regular.otf"; sourceTree = "<group>"; };
		55420986205988BC000D719F /* SF-Pro-Text-Semibold.otf */ = {isa = PBXFileReference; lastKnownFileType = file; path = "SF-Pro-Text-Semibold.otf"; sourceTree = "<group>"; };
		55420987205988BD000D719F /* SF-Pro-Text-Heavy.otf */ = {isa = PBXFileReference; lastKnownFileType = file; path = "SF-Pro-Text-Heavy.otf"; sourceTree = "<group>"; };
		55420988205988BD000D719F /* SF-Pro-Text-SemiboldItalic.otf */ = {isa = PBXFileReference; lastKnownFileType = file; path = "SF-Pro-Text-SemiboldItalic.otf"; sourceTree = "<group>"; };
		55420989205988BD000D719F /* SF-Pro-Text-BoldItalic.otf */ = {isa = PBXFileReference; lastKnownFileType = file; path = "SF-Pro-Text-BoldItalic.otf"; sourceTree = "<group>"; };
		5542098A205988BD000D719F /* SF-Pro-Text-MediumItalic.otf */ = {isa = PBXFileReference; lastKnownFileType = file; path = "SF-Pro-Text-MediumItalic.otf"; sourceTree = "<group>"; };
		5542098B205988BE000D719F /* SF-Pro-Text-Light.otf */ = {isa = PBXFileReference; lastKnownFileType = file; path = "SF-Pro-Text-Light.otf"; sourceTree = "<group>"; };
		5542098C205988BE000D719F /* SF-Pro-Text-HeavyItalic.otf */ = {isa = PBXFileReference; lastKnownFileType = file; path = "SF-Pro-Text-HeavyItalic.otf"; sourceTree = "<group>"; };
		5542098D205988BE000D719F /* SF-Pro-Text-RegularItalic.otf */ = {isa = PBXFileReference; lastKnownFileType = file; path = "SF-Pro-Text-RegularItalic.otf"; sourceTree = "<group>"; };
		5542098E205988BE000D719F /* SF-Pro-Text-LightItalic.otf */ = {isa = PBXFileReference; lastKnownFileType = file; path = "SF-Pro-Text-LightItalic.otf"; sourceTree = "<group>"; };
		5542098F205988BE000D719F /* SF-Pro-Text-Medium.otf */ = {isa = PBXFileReference; lastKnownFileType = file; path = "SF-Pro-Text-Medium.otf"; sourceTree = "<group>"; };
		55420990205988BF000D719F /* SF-Pro-Text-Bold.otf */ = {isa = PBXFileReference; lastKnownFileType = file; path = "SF-Pro-Text-Bold.otf"; sourceTree = "<group>"; };
		55B23AF02058C41A00B59C01 /* Test.app */ = {isa = PBXFileReference; explicitFileType = wrapper.application; includeInIndex = 0; path = Test.app; sourceTree = BUILT_PRODUCTS_DIR; };
		55B23AF32058C41A00B59C01 /* AppDelegate.swift */ = {isa = PBXFileReference; lastKnownFileType = sourcecode.swift; path = AppDelegate.swift; sourceTree = "<group>"; };
		55B23AF52058C41A00B59C01 /* RecipesViewController.swift */ = {isa = PBXFileReference; indentWidth = 4; lastKnownFileType = sourcecode.swift; path = RecipesViewController.swift; sourceTree = "<group>"; };
		55B23AFA2058C41A00B59C01 /* Assets.xcassets */ = {isa = PBXFileReference; lastKnownFileType = folder.assetcatalog; path = Assets.xcassets; sourceTree = "<group>"; };
		55B23AFD2058C41A00B59C01 /* Base */ = {isa = PBXFileReference; lastKnownFileType = file.storyboard; name = Base; path = Base.lproj/LaunchScreen.storyboard; sourceTree = "<group>"; };
		55B23AFF2058C41A00B59C01 /* Info.plist */ = {isa = PBXFileReference; lastKnownFileType = text.plist.xml; path = Info.plist; sourceTree = "<group>"; };
		55B23B092058CF5100B59C01 /* RecipeModel.swift */ = {isa = PBXFileReference; lastKnownFileType = sourcecode.swift; path = RecipeModel.swift; sourceTree = "<group>"; };
		55B23B0C2058D01700B59C01 /* UrlConstants.swift */ = {isa = PBXFileReference; lastKnownFileType = sourcecode.swift; path = UrlConstants.swift; sourceTree = "<group>"; };
		55B23B0E2058D09A00B59C01 /* DownloadService.swift */ = {isa = PBXFileReference; lastKnownFileType = sourcecode.swift; path = DownloadService.swift; sourceTree = "<group>"; };
		55B23B232058EAFC00B59C01 /* RecipeCell.swift */ = {isa = PBXFileReference; indentWidth = 4; lastKnownFileType = sourcecode.swift; path = RecipeCell.swift; sourceTree = "<group>"; tabWidth = 2; };
		55B23B242058EAFC00B59C01 /* RecipeCell.xib */ = {isa = PBXFileReference; lastKnownFileType = file.xib; path = RecipeCell.xib; sourceTree = "<group>"; };
/* End PBXFileReference section */

/* Begin PBXFrameworksBuildPhase section */
		55B23AED2058C41A00B59C01 /* Frameworks */ = {
			isa = PBXFrameworksBuildPhase;
			buildActionMask = 2147483647;
			files = (
			);
			runOnlyForDeploymentPostprocessing = 0;
		};
/* End PBXFrameworksBuildPhase section */

/* Begin PBXGroup section */
		55420984205988B5000D719F /* Fonts */ = {
			isa = PBXGroup;
			children = (
				55420990205988BF000D719F /* SF-Pro-Text-Bold.otf */,
				55420989205988BD000D719F /* SF-Pro-Text-BoldItalic.otf */,
				55420987205988BD000D719F /* SF-Pro-Text-Heavy.otf */,
				5542098C205988BE000D719F /* SF-Pro-Text-HeavyItalic.otf */,
				5542098B205988BE000D719F /* SF-Pro-Text-Light.otf */,
				5542098E205988BE000D719F /* SF-Pro-Text-LightItalic.otf */,
				5542098F205988BE000D719F /* SF-Pro-Text-Medium.otf */,
				5542098A205988BD000D719F /* SF-Pro-Text-MediumItalic.otf */,
				55420985205988BC000D719F /* SF-Pro-Text-Regular.otf */,
				5542098D205988BE000D719F /* SF-Pro-Text-RegularItalic.otf */,
				55420986205988BC000D719F /* SF-Pro-Text-Semibold.otf */,
				55420988205988BD000D719F /* SF-Pro-Text-SemiboldItalic.otf */,
			);
			path = Fonts;
			sourceTree = "<group>";
		};
		55B23AE72058C41A00B59C01 = {
			isa = PBXGroup;
			children = (
				55B23AF22058C41A00B59C01 /* Test */,
				55B23AF12058C41A00B59C01 /* Products */,
			);
			sourceTree = "<group>";
		};
		55B23AF12058C41A00B59C01 /* Products */ = {
			isa = PBXGroup;
			children = (
				55B23AF02058C41A00B59C01 /* Test.app */,
			);
			name = Products;
			sourceTree = "<group>";
		};
		55B23AF22058C41A00B59C01 /* Test */ = {
			isa = PBXGroup;
			children = (
				55420984205988B5000D719F /* Fonts */,
				55B23B272058EB2700B59C01 /* SupportFiles */,
				55B23B1F2058EA7E00B59C01 /* Controllers */,
				55B23B0B2058D00000B59C01 /* Constant */,
				55B23B082058CF3300B59C01 /* Services */,
				55B23B072058CF2E00B59C01 /* Models */,
			);
			path = Test;
			sourceTree = "<group>";
		};
		55B23B072058CF2E00B59C01 /* Models */ = {
			isa = PBXGroup;
			children = (
				55B23B092058CF5100B59C01 /* RecipeModel.swift */,
			);
			path = Models;
			sourceTree = "<group>";
		};
		55B23B082058CF3300B59C01 /* Services */ = {
			isa = PBXGroup;
			children = (
				55B23B0E2058D09A00B59C01 /* DownloadService.swift */,
			);
			path = Services;
			sourceTree = "<group>";
		};
		55B23B0B2058D00000B59C01 /* Constant */ = {
			isa = PBXGroup;
			children = (
				55B23B0C2058D01700B59C01 /* UrlConstants.swift */,
			);
			path = Constant;
			sourceTree = "<group>";
		};
		55B23B1F2058EA7E00B59C01 /* Controllers */ = {
			isa = PBXGroup;
			children = (
				55B23B212058EAA300B59C01 /* RecipeDetailController */,
				55B23B202058EA9300B59C01 /* RecipesController */,
			);
			path = Controllers;
			sourceTree = "<group>";
		};
		55B23B202058EA9300B59C01 /* RecipesController */ = {
			isa = PBXGroup;
			children = (
				55B23AF52058C41A00B59C01 /* RecipesViewController.swift */,
				55B23B222058EACA00B59C01 /* RecipeCell */,
			);
			path = RecipesController;
			sourceTree = "<group>";
		};
		55B23B212058EAA300B59C01 /* RecipeDetailController */ = {
			isa = PBXGroup;
			children = (
			);
			path = RecipeDetailController;
			sourceTree = "<group>";
		};
		55B23B222058EACA00B59C01 /* RecipeCell */ = {
			isa = PBXGroup;
			children = (
				55B23B232058EAFC00B59C01 /* RecipeCell.swift */,
				55B23B242058EAFC00B59C01 /* RecipeCell.xib */,
			);
			path = RecipeCell;
			sourceTree = "<group>";
		};
		55B23B272058EB2700B59C01 /* SupportFiles */ = {
			isa = PBXGroup;
			children = (
				55B23AF32058C41A00B59C01 /* AppDelegate.swift */,
				55B23AFA2058C41A00B59C01 /* Assets.xcassets */,
				55B23AFC2058C41A00B59C01 /* LaunchScreen.storyboard */,
				55B23AFF2058C41A00B59C01 /* Info.plist */,
			);
			path = SupportFiles;
			sourceTree = "<group>";
		};
/* End PBXGroup section */

/* Begin PBXNativeTarget section */
		55B23AEF2058C41A00B59C01 /* Test */ = {
			isa = PBXNativeTarget;
			buildConfigurationList = 55B23B022058C41A00B59C01 /* Build configuration list for PBXNativeTarget "Test" */;
			buildPhases = (
				55B23AEC2058C41A00B59C01 /* Sources */,
				55B23AED2058C41A00B59C01 /* Frameworks */,
				55B23AEE2058C41A00B59C01 /* Resources */,
			);
			buildRules = (
			);
			dependencies = (
			);
			name = Test;
			productName = Test;
			productReference = 55B23AF02058C41A00B59C01 /* Test.app */;
			productType = "com.apple.product-type.application";
		};
/* End PBXNativeTarget section */

/* Begin PBXProject section */
		55B23AE82058C41A00B59C01 /* Project object */ = {
			isa = PBXProject;
			attributes = {
				LastSwiftUpdateCheck = 0920;
				LastUpgradeCheck = 0920;
				ORGANIZATIONNAME = andrey;
				TargetAttributes = {
					55B23AEF2058C41A00B59C01 = {
						CreatedOnToolsVersion = 9.2;
						ProvisioningStyle = Automatic;
					};
				};
			};
			buildConfigurationList = 55B23AEB2058C41A00B59C01 /* Build configuration list for PBXProject "Test" */;
			compatibilityVersion = "Xcode 8.0";
			developmentRegion = en;
			hasScannedForEncodings = 0;
			knownRegions = (
				en,
				Base,
			);
			mainGroup = 55B23AE72058C41A00B59C01;
			productRefGroup = 55B23AF12058C41A00B59C01 /* Products */;
			projectDirPath = "";
			projectRoot = "";
			targets = (
				55B23AEF2058C41A00B59C01 /* Test */,
			);
		};
/* End PBXProject section */

/* Begin PBXResourcesBuildPhase section */
		55B23AEE2058C41A00B59C01 /* Resources */ = {
			isa = PBXResourcesBuildPhase;
			buildActionMask = 2147483647;
			files = (
				55420991205988F6000D719F /* SF-Pro-Text-Bold.otf in Resources */,
				55420992205988F6000D719F /* SF-Pro-Text-BoldItalic.otf in Resources */,
				55420993205988F6000D719F /* SF-Pro-Text-Heavy.otf in Resources */,
				55420994205988F6000D719F /* SF-Pro-Text-HeavyItalic.otf in Resources */,
				55420995205988F6000D719F /* SF-Pro-Text-Light.otf in Resources */,
				55420996205988F6000D719F /* SF-Pro-Text-LightItalic.otf in Resources */,
				55420997205988F6000D719F /* SF-Pro-Text-Medium.otf in Resources */,
				55420998205988F6000D719F /* SF-Pro-Text-MediumItalic.otf in Resources */,
				55420999205988F6000D719F /* SF-Pro-Text-Regular.otf in Resources */,
				5542099A205988F6000D719F /* SF-Pro-Text-RegularItalic.otf in Resources */,
				5542099B205988F6000D719F /* SF-Pro-Text-Semibold.otf in Resources */,
				5542099C205988F6000D719F /* SF-Pro-Text-SemiboldItalic.otf in Resources */,
				55B23AFE2058C41A00B59C01 /* LaunchScreen.storyboard in Resources */,
				55B23B262058EAFC00B59C01 /* RecipeCell.xib in Resources */,
				55B23AFB2058C41A00B59C01 /* Assets.xcassets in Resources */,
			);
			runOnlyForDeploymentPostprocessing = 0;
		};
/* End PBXResourcesBuildPhase section */

/* Begin PBXSourcesBuildPhase section */
		55B23AEC2058C41A00B59C01 /* Sources */ = {
			isa = PBXSourcesBuildPhase;
			buildActionMask = 2147483647;
			files = (
				55B23B0A2058CF5100B59C01 /* RecipeModel.swift in Sources */,
				55B23B0D2058D01700B59C01 /* UrlConstants.swift in Sources */,
				55B23AF62058C41A00B59C01 /* RecipesViewController.swift in Sources */,
				55B23B252058EAFC00B59C01 /* RecipeCell.swift in Sources */,
				55B23AF42058C41A00B59C01 /* AppDelegate.swift in Sources */,
				55B23B0F2058D09A00B59C01 /* DownloadService.swift in Sources */,
			);
			runOnlyForDeploymentPostprocessing = 0;
		};
/* End PBXSourcesBuildPhase section */

/* Begin PBXVariantGroup section */
		55B23AFC2058C41A00B59C01 /* LaunchScreen.storyboard */ = {
			isa = PBXVariantGroup;
			children = (
				55B23AFD2058C41A00B59C01 /* Base */,
			);
			name = LaunchScreen.storyboard;
			sourceTree = "<group>";
		};
/* End PBXVariantGroup section */

/* Begin XCBuildConfiguration section */
		55B23B002058C41A00B59C01 /* Debug */ = {
			isa = XCBuildConfiguration;
			buildSettings = {
				ALWAYS_SEARCH_USER_PATHS = NO;
				CLANG_ANALYZER_NONNULL = YES;
				CLANG_ANALYZER_NUMBER_OBJECT_CONVERSION = YES_AGGRESSIVE;
				CLANG_CXX_LANGUAGE_STANDARD = "gnu++14";
				CLANG_CXX_LIBRARY = "libc++";
				CLANG_ENABLE_MODULES = YES;
				CLANG_ENABLE_OBJC_ARC = YES;
				CLANG_WARN_BLOCK_CAPTURE_AUTORELEASING = YES;
				CLANG_WARN_BOOL_CONVERSION = YES;
				CLANG_WARN_COMMA = YES;
				CLANG_WARN_CONSTANT_CONVERSION = YES;
				CLANG_WARN_DIRECT_OBJC_ISA_USAGE = YES_ERROR;
				CLANG_WARN_DOCUMENTATION_COMMENTS = YES;
				CLANG_WARN_EMPTY_BODY = YES;
				CLANG_WARN_ENUM_CONVERSION = YES;
				CLANG_WARN_INFINITE_RECURSION = YES;
				CLANG_WARN_INT_CONVERSION = YES;
				CLANG_WARN_NON_LITERAL_NULL_CONVERSION = YES;
				CLANG_WARN_OBJC_LITERAL_CONVERSION = YES;
				CLANG_WARN_OBJC_ROOT_CLASS = YES_ERROR;
				CLANG_WARN_RANGE_LOOP_ANALYSIS = YES;
				CLANG_WARN_STRICT_PROTOTYPES = YES;
				CLANG_WARN_SUSPICIOUS_MOVE = YES;
				CLANG_WARN_UNGUARDED_AVAILABILITY = YES_AGGRESSIVE;
				CLANG_WARN_UNREACHABLE_CODE = YES;
				CLANG_WARN__DUPLICATE_METHOD_MATCH = YES;
				CODE_SIGN_IDENTITY = "iPhone Developer";
				COPY_PHASE_STRIP = NO;
				DEBUG_INFORMATION_FORMAT = dwarf;
				ENABLE_STRICT_OBJC_MSGSEND = YES;
				ENABLE_TESTABILITY = YES;
				GCC_C_LANGUAGE_STANDARD = gnu11;
				GCC_DYNAMIC_NO_PIC = NO;
				GCC_NO_COMMON_BLOCKS = YES;
				GCC_OPTIMIZATION_LEVEL = 0;
				GCC_PREPROCESSOR_DEFINITIONS = (
					"DEBUG=1",
					"$(inherited)",
				);
				GCC_WARN_64_TO_32_BIT_CONVERSION = YES;
				GCC_WARN_ABOUT_RETURN_TYPE = YES_ERROR;
				GCC_WARN_UNDECLARED_SELECTOR = YES;
				GCC_WARN_UNINITIALIZED_AUTOS = YES_AGGRESSIVE;
				GCC_WARN_UNUSED_FUNCTION = YES;
				GCC_WARN_UNUSED_VARIABLE = YES;
				IPHONEOS_DEPLOYMENT_TARGET = 11.2;
				MTL_ENABLE_DEBUG_INFO = YES;
				ONLY_ACTIVE_ARCH = YES;
				SDKROOT = iphoneos;
				SWIFT_ACTIVE_COMPILATION_CONDITIONS = DEBUG;
				SWIFT_OPTIMIZATION_LEVEL = "-Onone";
			};
			name = Debug;
		};
		55B23B012058C41A00B59C01 /* Release */ = {
			isa = XCBuildConfiguration;
			buildSettings = {
				ALWAYS_SEARCH_USER_PATHS = NO;
				CLANG_ANALYZER_NONNULL = YES;
				CLANG_ANALYZER_NUMBER_OBJECT_CONVERSION = YES_AGGRESSIVE;
				CLANG_CXX_LANGUAGE_STANDARD = "gnu++14";
				CLANG_CXX_LIBRARY = "libc++";
				CLANG_ENABLE_MODULES = YES;
				CLANG_ENABLE_OBJC_ARC = YES;
				CLANG_WARN_BLOCK_CAPTURE_AUTORELEASING = YES;
				CLANG_WARN_BOOL_CONVERSION = YES;
				CLANG_WARN_COMMA = YES;
				CLANG_WARN_CONSTANT_CONVERSION = YES;
				CLANG_WARN_DIRECT_OBJC_ISA_USAGE = YES_ERROR;
				CLANG_WARN_DOCUMENTATION_COMMENTS = YES;
				CLANG_WARN_EMPTY_BODY = YES;
				CLANG_WARN_ENUM_CONVERSION = YES;
				CLANG_WARN_INFINITE_RECURSION = YES;
				CLANG_WARN_INT_CONVERSION = YES;
				CLANG_WARN_NON_LITERAL_NULL_CONVERSION = YES;
				CLANG_WARN_OBJC_LITERAL_CONVERSION = YES;
				CLANG_WARN_OBJC_ROOT_CLASS = YES_ERROR;
				CLANG_WARN_RANGE_LOOP_ANALYSIS = YES;
				CLANG_WARN_STRICT_PROTOTYPES = YES;
				CLANG_WARN_SUSPICIOUS_MOVE = YES;
				CLANG_WARN_UNGUARDED_AVAILABILITY = YES_AGGRESSIVE;
				CLANG_WARN_UNREACHABLE_CODE = YES;
				CLANG_WARN__DUPLICATE_METHOD_MATCH = YES;
				CODE_SIGN_IDENTITY = "iPhone Developer";
				COPY_PHASE_STRIP = NO;
				DEBUG_INFORMATION_FORMAT = "dwarf-with-dsym";
				ENABLE_NS_ASSERTIONS = NO;
				ENABLE_STRICT_OBJC_MSGSEND = YES;
				GCC_C_LANGUAGE_STANDARD = gnu11;
				GCC_NO_COMMON_BLOCKS = YES;
				GCC_WARN_64_TO_32_BIT_CONVERSION = YES;
				GCC_WARN_ABOUT_RETURN_TYPE = YES_ERROR;
				GCC_WARN_UNDECLARED_SELECTOR = YES;
				GCC_WARN_UNINITIALIZED_AUTOS = YES_AGGRESSIVE;
				GCC_WARN_UNUSED_FUNCTION = YES;
				GCC_WARN_UNUSED_VARIABLE = YES;
				IPHONEOS_DEPLOYMENT_TARGET = 11.2;
				MTL_ENABLE_DEBUG_INFO = NO;
				SDKROOT = iphoneos;
				SWIFT_OPTIMIZATION_LEVEL = "-Owholemodule";
				VALIDATE_PRODUCT = YES;
			};
			name = Release;
		};
		55B23B032058C41A00B59C01 /* Debug */ = {
			isa = XCBuildConfiguration;
			buildSettings = {
				ASSETCATALOG_COMPILER_APPICON_NAME = AppIcon;
				CODE_SIGN_STYLE = Automatic;
				DEVELOPMENT_TEAM = NY3VS8XW85;
				INFOPLIST_FILE = "$(SRCROOT)/Test/SupportFiles/Info.plist";
				LD_RUNPATH_SEARCH_PATHS = "$(inherited) @executable_path/Frameworks";
				PRODUCT_BUNDLE_IDENTIFIER = "Space-o.Test";
				PRODUCT_NAME = "$(TARGET_NAME)";
				SWIFT_VERSION = 4.0;
				TARGETED_DEVICE_FAMILY = "1,2";
			};
			name = Debug;
		};
		55B23B042058C41A00B59C01 /* Release */ = {
			isa = XCBuildConfiguration;
			buildSettings = {
				ASSETCATALOG_COMPILER_APPICON_NAME = AppIcon;
				CODE_SIGN_STYLE = Automatic;
				DEVELOPMENT_TEAM = NY3VS8XW85;
				INFOPLIST_FILE = "$(SRCROOT)/Test/SupportFiles/Info.plist";
				LD_RUNPATH_SEARCH_PATHS = "$(inherited) @executable_path/Frameworks";
				PRODUCT_BUNDLE_IDENTIFIER = "Space-o.Test";
				PRODUCT_NAME = "$(TARGET_NAME)";
				SWIFT_VERSION = 4.0;
				TARGETED_DEVICE_FAMILY = "1,2";
			};
			name = Release;
		};
/* End XCBuildConfiguration section */

/* Begin XCConfigurationList section */
		55B23AEB2058C41A00B59C01 /* Build configuration list for PBXProject "Test" */ = {
			isa = XCConfigurationList;
			buildConfigurations = (
				55B23B002058C41A00B59C01 /* Debug */,
				55B23B012058C41A00B59C01 /* Release */,
			);
			defaultConfigurationIsVisible = 0;
			defaultConfigurationName = Release;
		};
		55B23B022058C41A00B59C01 /* Build configuration list for PBXNativeTarget "Test" */ = {
			isa = XCConfigurationList;
			buildConfigurations = (
				55B23B032058C41A00B59C01 /* Debug */,
				55B23B042058C41A00B59C01 /* Release */,
			);
			defaultConfigurationIsVisible = 0;
			defaultConfigurationName = Release;
		};
/* End XCConfigurationList section */
	};
	rootObject = 55B23AE82058C41A00B59C01 /* Project object */;
}
